
Microsoft Visual Studio Solution File, Format Version 12.00
# Visual Studio Version 16
VisualStudioVersion = 16.0.30105.148
MinimumVisualStudioVersion = 10.0.40219.1
Project("{9A19103F-16F7-4668-BE54-9A1E7A4F7556}") = "Infra.SqliteBrowser", "src\Infra.SqliteBrowser\Infra.SqliteBrowser.csproj", "{C7044D7B-E81F-4EFB-8878-81C0B8FA7486}"
EndProject
Global
	GlobalSection(SolutionConfigurationPlatforms) = preSolution
		Debug|Any CPU = Debug|Any CPU
		Release|Any CPU = Release|Any CPU
	EndGlobalSection
	GlobalSection(ProjectConfigurationPlatforms) = postSolution
		{C7044D7B-E81F-4EFB-8878-81C0B8FA7486}.Debug|Any CPU.ActiveCfg = Debug|Any CPU
		{C7044D7B-E81F-4EFB-8878-81C0B8FA7486}.Debug|Any CPU.Build.0 = Debug|Any CPU
		{C7044D7B-E81F-4EFB-8878-81C0B8FA7486}.Release|Any CPU.ActiveCfg = Release|Any CPU
		{C7044D7B-E81F-4EFB-8878-81C0B8FA7486}.Release|Any CPU.Build.0 = Release|Any CPU
	EndGlobalSection
	GlobalSection(SolutionProperties) = preSolution
		HideSolutionNode = FALSE
	EndGlobalSection
	GlobalSection(ExtensibilityGlobals) = postSolution
		SolutionGuid = {F02EDFB6-A3E7-4600-A773-9F185DA97CDC}
	EndGlobalSection
EndGlobal
